
Microsoft Visual Studio Solution File, Format Version 12.00
# Visual Studio 2013
VisualStudioVersion = 12.0.40629.0
MinimumVisualStudioVersion = 10.0.40219.1
Project("{FAE04EC0-301F-11D3-BF4B-00C04F79EFBC}") = "StarterTemplate.Web", "StarterTemplate\StarterTemplate.Web.csproj", "{2C12563C-D63F-4E41-AE10-8B0E4CB7F335}"
EndProject
Project("{FAE04EC0-301F-11D3-BF4B-00C04F79EFBC}") = "StarterTemplate.Mvc", "Mvc\StarterTemplate.Mvc.csproj", "{1A682A54-1547-4548-9CE6-028C2F859A06}"
EndProject
Project("{FAE04EC0-301F-11D3-BF4B-00C04F79EFBC}") = "StarterTemplate.Business", "StarterTemplate.Business\StarterTemplate.Business.csproj", "{C8D76B99-B3BE-4A3F-ABF5-D2BF4B99377F}"
EndProject
Project("{FAE04EC0-301F-11D3-BF4B-00C04F79EFBC}") = "StarterTemplate.DataProvider", "StarterTemplate.DataProvider\StarterTemplate.DataProvider.csproj", "{49C087EB-CBF2-49EE-B638-4339E8B4F14C}"
EndProject
Global
	GlobalSection(SolutionConfigurationPlatforms) = preSolution
		Debug|Any CPU = Debug|Any CPU
		Release|Any CPU = Release|Any CPU
	EndGlobalSection
	GlobalSection(ProjectConfigurationPlatforms) = postSolution
		{2C12563C-D63F-4E41-AE10-8B0E4CB7F335}.Debug|Any CPU.ActiveCfg = Debug|Any CPU
		{2C12563C-D63F-4E41-AE10-8B0E4CB7F335}.Debug|Any CPU.Build.0 = Debug|Any CPU
		{2C12563C-D63F-4E41-AE10-8B0E4CB7F335}.Release|Any CPU.ActiveCfg = Release|Any CPU
		{2C12563C-D63F-4E41-AE10-8B0E4CB7F335}.Release|Any CPU.Build.0 = Release|Any CPU
		{1A682A54-1547-4548-9CE6-028C2F859A06}.Debug|Any CPU.ActiveCfg = Debug|Any CPU
		{1A682A54-1547-4548-9CE6-028C2F859A06}.Debug|Any CPU.Build.0 = Debug|Any CPU
		{1A682A54-1547-4548-9CE6-028C2F859A06}.Release|Any CPU.ActiveCfg = Release|Any CPU
		{1A682A54-1547-4548-9CE6-028C2F859A06}.Release|Any CPU.Build.0 = Release|Any CPU
		{C8D76B99-B3BE-4A3F-ABF5-D2BF4B99377F}.Debug|Any CPU.ActiveCfg = Debug|Any CPU
		{C8D76B99-B3BE-4A3F-ABF5-D2BF4B99377F}.Debug|Any CPU.Build.0 = Debug|Any CPU
		{C8D76B99-B3BE-4A3F-ABF5-D2BF4B99377F}.Release|Any CPU.ActiveCfg = Release|Any CPU
		{C8D76B99-B3BE-4A3F-ABF5-D2BF4B99377F}.Release|Any CPU.Build.0 = Release|Any CPU
		{49C087EB-CBF2-49EE-B638-4339E8B4F14C}.Debug|Any CPU.ActiveCfg = Debug|Any CPU
		{49C087EB-CBF2-49EE-B638-4339E8B4F14C}.Debug|Any CPU.Build.0 = Debug|Any CPU
		{49C087EB-CBF2-49EE-B638-4339E8B4F14C}.Release|Any CPU.ActiveCfg = Release|Any CPU
		{49C087EB-CBF2-49EE-B638-4339E8B4F14C}.Release|Any CPU.Build.0 = Release|Any CPU
	EndGlobalSection
	GlobalSection(SolutionProperties) = preSolution
		HideSolutionNode = FALSE
	EndGlobalSection
EndGlobal
